
Microsoft Visual Studio Solution File, Format Version 12.00
# Visual Studio Version 16
VisualStudioVersion = 16.0.31321.278
MinimumVisualStudioVersion = 10.0.40219.1
Project("{9A19103F-16F7-4668-BE54-9A1E7A4F7556}") = "AutoMarket", "AutoMarket\AutoMarket.csproj", "{4BD6FAA7-B7EE-47A3-8441-92613FFD8288}"
EndProject
Project("{FAE04EC0-301F-11D3-BF4B-00C04F79EFBC}") = "AutoMarket.Data", "AutoMarket.Data\AutoMarket.Data.csproj", "{B07977A8-39E9-42C5-8049-6C59F20861F5}"
EndProject
Global
	GlobalSection(SolutionConfigurationPlatforms) = preSolution
		Debug|Any CPU = Debug|Any CPU
		Release|Any CPU = Release|Any CPU
	EndGlobalSection
	GlobalSection(ProjectConfigurationPlatforms) = postSolution
		{4BD6FAA7-B7EE-47A3-8441-92613FFD8288}.Debug|Any CPU.ActiveCfg = Debug|Any CPU
		{4BD6FAA7-B7EE-47A3-8441-92613FFD8288}.Debug|Any CPU.Build.0 = Debug|Any CPU
		{4BD6FAA7-B7EE-47A3-8441-92613FFD8288}.Release|Any CPU.ActiveCfg = Release|Any CPU
		{4BD6FAA7-B7EE-47A3-8441-92613FFD8288}.Release|Any CPU.Build.0 = Release|Any CPU
		{B07977A8-39E9-42C5-8049-6C59F20861F5}.Debug|Any CPU.ActiveCfg = Debug|Any CPU
		{B07977A8-39E9-42C5-8049-6C59F20861F5}.Debug|Any CPU.Build.0 = Debug|Any CPU
		{B07977A8-39E9-42C5-8049-6C59F20861F5}.Release|Any CPU.ActiveCfg = Release|Any CPU
		{B07977A8-39E9-42C5-8049-6C59F20861F5}.Release|Any CPU.Build.0 = Release|Any CPU
	EndGlobalSection
	GlobalSection(SolutionProperties) = preSolution
		HideSolutionNode = FALSE
	EndGlobalSection
	GlobalSection(ExtensibilityGlobals) = postSolution
		SolutionGuid = {EE2F01B4-3681-4B26-B333-5DE24138600E}
	EndGlobalSection
EndGlobal
