
Microsoft Visual Studio Solution File, Format Version 12.00
# Visual Studio Version 16
VisualStudioVersion = 16.0.31321.278
MinimumVisualStudioVersion = 10.0.40219.1
Project("{FAE04EC0-301F-11D3-BF4B-00C04F79EFBC}") = "AutoMarket", "AutoMarket\AutoMarket.csproj", "{4BD6FAA7-B7EE-47A3-8441-92613FFD8288}"
EndProject
Global
	GlobalSection(SolutionConfigurationPlatforms) = preSolution
		Debug|Any CPU = Debug|Any CPU
		Release|Any CPU = Release|Any CPU
	EndGlobalSection
	GlobalSection(ProjectConfigurationPlatforms) = postSolution
		{4BD6FAA7-B7EE-47A3-8441-92613FFD8288}.Debug|Any CPU.ActiveCfg = Debug|Any CPU
		{4BD6FAA7-B7EE-47A3-8441-92613FFD8288}.Debug|Any CPU.Build.0 = Debug|Any CPU
		{4BD6FAA7-B7EE-47A3-8441-92613FFD8288}.Release|Any CPU.ActiveCfg = Release|Any CPU
		{4BD6FAA7-B7EE-47A3-8441-92613FFD8288}.Release|Any CPU.Build.0 = Release|Any CPU
	EndGlobalSection
	GlobalSection(SolutionProperties) = preSolution
		HideSolutionNode = FALSE
	EndGlobalSection
	GlobalSection(ExtensibilityGlobals) = postSolution
		SolutionGuid = {EE2F01B4-3681-4B26-B333-5DE24138600E}
	EndGlobalSection
EndGlobal
